
Microsoft Visual Studio Solution File, Format Version 12.00
# Visual Studio Version 17
VisualStudioVersion = 17.2.32630.192
MinimumVisualStudioVersion = 10.0.40219.1
Project("{9A19103F-16F7-4668-BE54-9A1E7A4F7556}") = "R5T.F0084.Construction", "R5T.F0084.Construction\R5T.F0084.Construction.csproj", "{A2F0F409-3437-4B2D-934B-D3D847D33123}"
EndProject
Project("{9A19103F-16F7-4668-BE54-9A1E7A4F7556}") = "R5T.F0084", "R5T.F0084\R5T.F0084.csproj", "{0F20334E-B61A-4112-90A8-1F7F56869011}"
EndProject
Global
	GlobalSection(SolutionConfigurationPlatforms) = preSolution
		Debug|Any CPU = Debug|Any CPU
		Release|Any CPU = Release|Any CPU
	EndGlobalSection
	GlobalSection(ProjectConfigurationPlatforms) = postSolution
		{A2F0F409-3437-4B2D-934B-D3D847D33123}.Debug|Any CPU.ActiveCfg = Debug|Any CPU
		{A2F0F409-3437-4B2D-934B-D3D847D33123}.Debug|Any CPU.Build.0 = Debug|Any CPU
		{A2F0F409-3437-4B2D-934B-D3D847D33123}.Release|Any CPU.ActiveCfg = Release|Any CPU
		{A2F0F409-3437-4B2D-934B-D3D847D33123}.Release|Any CPU.Build.0 = Release|Any CPU
		{0F20334E-B61A-4112-90A8-1F7F56869011}.Debug|Any CPU.ActiveCfg = Debug|Any CPU
		{0F20334E-B61A-4112-90A8-1F7F56869011}.Debug|Any CPU.Build.0 = Debug|Any CPU
		{0F20334E-B61A-4112-90A8-1F7F56869011}.Release|Any CPU.ActiveCfg = Release|Any CPU
		{0F20334E-B61A-4112-90A8-1F7F56869011}.Release|Any CPU.Build.0 = Release|Any CPU
	EndGlobalSection
	GlobalSection(SolutionProperties) = preSolution
		HideSolutionNode = FALSE
	EndGlobalSection
	GlobalSection(ExtensibilityGlobals) = postSolution
		SolutionGuid = {76A55774-E645-4743-890E-A746FE98BC63}
	EndGlobalSection
EndGlobal
