
Microsoft Visual Studio Solution File, Format Version 12.00
# Visual Studio Version 17
VisualStudioVersion = 17.2.32630.192
MinimumVisualStudioVersion = 10.0.40219.1
Project("{9A19103F-16F7-4668-BE54-9A1E7A4F7556}") = "R5T.F0084.Construction", "R5T.F0084.Construction\R5T.F0084.Construction.csproj", "{A2F0F409-3437-4B2D-934B-D3D847D33123}"
EndProject
Project("{9A19103F-16F7-4668-BE54-9A1E7A4F7556}") = "R5T.F0084", "R5T.F0084\R5T.F0084.csproj", "{0F20334E-B61A-4112-90A8-1F7F56869011}"
EndProject
Project("{2150E333-8FDC-42A3-9474-1A3956D46DE8}") = "_Dependencies", "_Dependencies", "{97FD7133-58B3-46EB-A37F-214510BCC46D}"
EndProject
Project("{9A19103F-16F7-4668-BE54-9A1E7A4F7556}") = "R5T.F0000", "..\..\R5T.F0000\source\R5T.F0000\R5T.F0000.csproj", "{D734218E-75CF-4436-89AA-01CD49A5F1BF}"
EndProject
Project("{9A19103F-16F7-4668-BE54-9A1E7A4F7556}") = "R5T.F0002", "..\..\R5T.F0002\source\R5T.F0002\R5T.F0002.csproj", "{B91CB079-93B5-4CF2-B997-60DE98AE185C}"
EndProject
Project("{9A19103F-16F7-4668-BE54-9A1E7A4F7556}") = "R5T.F0020", "..\..\R5T.F0020\source\R5T.F0020\R5T.F0020.csproj", "{05B20AC6-C2ED-4DF3-99AF-E1C8A211C665}"
EndProject
Project("{9A19103F-16F7-4668-BE54-9A1E7A4F7556}") = "R5T.F0028", "..\..\R5T.F0028\source\R5T.F0028\R5T.F0028.csproj", "{F253B9CC-330D-42AD-B4E3-92D811FA20B8}"
EndProject
Project("{9A19103F-16F7-4668-BE54-9A1E7A4F7556}") = "R5T.F0032", "..\..\R5T.F0032\source\R5T.F0032\R5T.F0032.csproj", "{F0465F99-3596-49A5-8D2C-0D8700F498BB}"
EndProject
Project("{9A19103F-16F7-4668-BE54-9A1E7A4F7556}") = "R5T.F0040.F000", "..\..\R5T.F0040\source\R5T.F0040.F000\R5T.F0040.F000.csproj", "{F124D9C4-812E-4B02-937F-DC76A470EF9F}"
EndProject
Project("{9A19103F-16F7-4668-BE54-9A1E7A4F7556}") = "R5T.F0041", "..\..\R5T.F0041\source\R5T.F0041\R5T.F0041.csproj", "{E73C94B1-2CD4-4E2F-A0EE-615F58985AD2}"
EndProject
Project("{9A19103F-16F7-4668-BE54-9A1E7A4F7556}") = "R5T.F0044", "..\..\R5T.F0044\source\R5T.F0044\R5T.F0044.csproj", "{1CA25DB6-0C34-4CE9-8B57-412CBD6C1A42}"
EndProject
Project("{9A19103F-16F7-4668-BE54-9A1E7A4F7556}") = "R5T.F0046", "..\..\R5T.F0046\source\R5T.F0046\R5T.F0046.csproj", "{C9767BA5-8FDA-4A36-A991-C81E8AAECE57}"
EndProject
Project("{9A19103F-16F7-4668-BE54-9A1E7A4F7556}") = "R5T.F0047", "..\..\R5T.F0047\source\R5T.F0047\R5T.F0047.csproj", "{074CB579-1A40-4249-9B84-B6D398E3ED77}"
EndProject
Project("{9A19103F-16F7-4668-BE54-9A1E7A4F7556}") = "R5T.F0048", "..\..\R5T.F0048\source\R5T.F0048\R5T.F0048.csproj", "{EC54198C-9F09-4657-BC05-DF6CC5EBAEF8}"
EndProject
Project("{9A19103F-16F7-4668-BE54-9A1E7A4F7556}") = "R5T.F0050", "..\..\R5T.F0050\source\R5T.F0050\R5T.F0050.csproj", "{37065682-1B7E-47D0-9E07-18A31167FFC1}"
EndProject
Project("{9A19103F-16F7-4668-BE54-9A1E7A4F7556}") = "R5T.F0052", "..\..\R5T.F0052\source\R5T.F0052\R5T.F0052.csproj", "{78C8AE1F-9DE9-4E51-8E6B-39673515CD0E}"
EndProject
Project("{9A19103F-16F7-4668-BE54-9A1E7A4F7556}") = "R5T.F0053", "..\..\R5T.F0053\source\R5T.F0053\R5T.F0053.csproj", "{1ECC9D12-1F37-43B9-A243-67DB63CD36DC}"
EndProject
Project("{9A19103F-16F7-4668-BE54-9A1E7A4F7556}") = "R5T.F0054", "..\..\R5T.F0054\source\R5T.F0054\R5T.F0054.csproj", "{EA909274-D13A-4F67-B191-497674D9640A}"
EndProject
Project("{9A19103F-16F7-4668-BE54-9A1E7A4F7556}") = "R5T.F0055", "..\..\R5T.F0055\source\R5T.F0055\R5T.F0055.csproj", "{BE7EE699-BD72-42F9-A11B-70048ECFA015}"
EndProject
Project("{9A19103F-16F7-4668-BE54-9A1E7A4F7556}") = "R5T.F0057", "..\..\R5T.F0057\source\R5T.F0057\R5T.F0057.csproj", "{7E5D03EC-D8F1-4367-B4EF-06A7C9478F08}"
EndProject
Project("{9A19103F-16F7-4668-BE54-9A1E7A4F7556}") = "R5T.F0078", "..\..\R5T.F0078\source\R5T.F0078\R5T.F0078.csproj", "{FDE69718-297E-4297-A68E-43C88FA5F728}"
EndProject
Project("{9A19103F-16F7-4668-BE54-9A1E7A4F7556}") = "R5T.F0081", "..\..\R5T.F0081\source\R5T.F0081\R5T.F0081.csproj", "{52BF4D6E-D5A5-4BC7-9FE3-80DDCD1C05AA}"
EndProject
Project("{9A19103F-16F7-4668-BE54-9A1E7A4F7556}") = "R5T.F0083.R001", "..\..\R5T.F0083\source\R5T.F0083.R001\R5T.F0083.R001.csproj", "{CBD1DB65-2134-4C15-A8A5-B57CA09B59BF}"
EndProject
Project("{9A19103F-16F7-4668-BE54-9A1E7A4F7556}") = "R5T.F0083", "..\..\R5T.F0083\source\R5T.F0083\R5T.F0083.csproj", "{E6689E1D-A867-496F-86FD-10F34A038133}"
EndProject
Project("{9A19103F-16F7-4668-BE54-9A1E7A4F7556}") = "R5T.F0086", "..\..\R5T.F0086\source\R5T.F0086\R5T.F0086.csproj", "{B15F7086-B88C-40F6-B4FB-364556346139}"
EndProject
Project("{9A19103F-16F7-4668-BE54-9A1E7A4F7556}") = "R5T.F0089", "..\..\R5T.F0089\source\R5T.F0089\R5T.F0089.csproj", "{6B9F0674-CEF0-4817-8E02-022B82D9E27B}"
EndProject
Project("{9A19103F-16F7-4668-BE54-9A1E7A4F7556}") = "R5T.F0091", "..\..\R5T.F0091\source\R5T.F0091\R5T.F0091.csproj", "{C384F42C-FBA8-48F6-AE01-3A09C7A97977}"
EndProject
Project("{9A19103F-16F7-4668-BE54-9A1E7A4F7556}") = "R5T.F0094", "..\..\R5T.F0094\source\R5T.F0094\R5T.F0094.csproj", "{EE9CEB5B-354C-49CE-8AC6-4C87FE38248C}"
EndProject
Project("{9A19103F-16F7-4668-BE54-9A1E7A4F7556}") = "R5T.F0095", "..\..\R5T.F0095\source\R5T.F0095\R5T.F0095.csproj", "{CCB54520-975F-4AFB-AA2A-6D1A9E91699E}"
EndProject
Project("{9A19103F-16F7-4668-BE54-9A1E7A4F7556}") = "R5T.F0120", "..\..\R5T.F0120\source\R5T.F0120\R5T.F0120.csproj", "{B983063F-932A-438B-8E4C-8B0DA7941B63}"
EndProject
Project("{9A19103F-16F7-4668-BE54-9A1E7A4F7556}") = "R5T.F0124", "..\..\R5T.F0124\source\R5T.F0124\R5T.F0124.csproj", "{5B7DFF05-9992-4E5D-BFCA-EBA1BC848821}"
EndProject
Project("{9A19103F-16F7-4668-BE54-9A1E7A4F7556}") = "R5T.F0144", "..\..\R5T.F0144\source\R5T.F0144\R5T.F0144.csproj", "{B52A834E-93D2-4A6A-84A3-0827A4462548}"
EndProject
Project("{9A19103F-16F7-4668-BE54-9A1E7A4F7556}") = "R5T.L0026.T000", "..\..\R5T.L0026\source\R5T.L0026.T000\R5T.L0026.T000.csproj", "{4C66130A-E189-48F3-8ECA-8A1AF400DFE9}"
EndProject
Project("{9A19103F-16F7-4668-BE54-9A1E7A4F7556}") = "R5T.L0026", "..\..\R5T.L0026\source\R5T.L0026\R5T.L0026.csproj", "{E02BCACE-F02D-4060-A0B4-0F455D13C17B}"
EndProject
Project("{9A19103F-16F7-4668-BE54-9A1E7A4F7556}") = "R5T.L0053", "..\..\R5T.L0053\source\R5T.L0053\R5T.L0053.csproj", "{4B65F078-A7DF-4CCB-BCAA-9465744C97AA}"
EndProject
Project("{9A19103F-16F7-4668-BE54-9A1E7A4F7556}") = "R5T.L0066", "..\..\R5T.L0066\source\R5T.L0066\R5T.L0066.csproj", "{C8310BA2-B3AA-4047-90F8-D2FB24E823EB}"
EndProject
Project("{9A19103F-16F7-4668-BE54-9A1E7A4F7556}") = "R5T.L0071", "..\..\R5T.L0071\source\R5T.L0071\R5T.L0071.csproj", "{2F4B3F5A-1533-42BC-B42E-B18D4E134AA3}"
EndProject
Project("{9A19103F-16F7-4668-BE54-9A1E7A4F7556}") = "R5T.L0072", "..\..\R5T.L0072\source\R5T.L0072\R5T.L0072.csproj", "{E2534023-48DA-4E05-A74A-6B4D8176D7F9}"
EndProject
Project("{9A19103F-16F7-4668-BE54-9A1E7A4F7556}") = "R5T.L0083.F001", "..\..\R5T.L0083\source\R5T.L0083.F001\R5T.L0083.F001.csproj", "{9ABCF040-CAEE-4BB3-BB41-2FB0EC8A289E}"
EndProject
Project("{9A19103F-16F7-4668-BE54-9A1E7A4F7556}") = "R5T.L0089.F000", "..\..\R5T.L0089\source\R5T.L0089.F000\R5T.L0089.F000.csproj", "{B67D9DEB-D68C-4C15-8587-BD0447D4FA5C}"
EndProject
Project("{9A19103F-16F7-4668-BE54-9A1E7A4F7556}") = "R5T.L0089.T000", "..\..\R5T.L0089\source\R5T.L0089.T000\R5T.L0089.T000.csproj", "{4479A584-3003-4B85-8797-84DB95860E3B}"
EndProject
Project("{9A19103F-16F7-4668-BE54-9A1E7A4F7556}") = "R5T.L0089", "..\..\R5T.L0089\source\R5T.L0089\R5T.L0089.csproj", "{8F860223-9C97-49FF-9D2E-8405812391BE}"
EndProject
Project("{9A19103F-16F7-4668-BE54-9A1E7A4F7556}") = "R5T.NG0002", "..\..\R5T.NG0002\source\R5T.NG0002\R5T.NG0002.csproj", "{F9533464-70D7-4FF9-9343-E2CC6197E578}"
EndProject
Project("{9A19103F-16F7-4668-BE54-9A1E7A4F7556}") = "R5T.NG0005", "..\..\R5T.NG0005\source\R5T.NG0005\R5T.NG0005.csproj", "{AF12C2B2-32B8-4E78-9F0C-22988C0A7C15}"
EndProject
Project("{9A19103F-16F7-4668-BE54-9A1E7A4F7556}") = "R5T.NG0006", "..\..\R5T.NG0006\source\R5T.NG0006\R5T.NG0006.csproj", "{EC3B7CEC-D841-4E37-B1B7-48E01CB9A761}"
EndProject
Project("{9A19103F-16F7-4668-BE54-9A1E7A4F7556}") = "R5T.NG0008", "..\..\R5T.NG0008\source\R5T.NG0008\R5T.NG0008.csproj", "{0040598E-2CF9-439E-BB00-CB139A8483B5}"
EndProject
Project("{9A19103F-16F7-4668-BE54-9A1E7A4F7556}") = "R5T.NG0009", "..\..\R5T.NG0009\source\R5T.NG0009\R5T.NG0009.csproj", "{B7E4EBEB-8B62-481E-89BC-B70B1CB6106F}"
EndProject
Project("{9A19103F-16F7-4668-BE54-9A1E7A4F7556}") = "R5T.NG0014", "..\..\R5T.NG0014\source\R5T.NG0014\R5T.NG0014.csproj", "{F558E16D-97F2-43E3-ACB1-28F5623B8933}"
EndProject
Project("{9A19103F-16F7-4668-BE54-9A1E7A4F7556}") = "R5T.NG0022", "..\..\R5T.NG0022\source\R5T.NG0022\R5T.NG0022.csproj", "{E78CBB44-EEB4-44DC-9A98-2D9B09311D8A}"
EndProject
Project("{9A19103F-16F7-4668-BE54-9A1E7A4F7556}") = "R5T.NG0023", "..\..\R5T.NG0023\source\R5T.NG0023\R5T.NG0023.csproj", "{58F4FC8D-5589-4A3D-AEEA-03736A082AF4}"
EndProject
Project("{9A19103F-16F7-4668-BE54-9A1E7A4F7556}") = "R5T.NG0024", "..\..\R5T.NG0024\source\R5T.NG0024\R5T.NG0024.csproj", "{3C0F5333-F1CA-42D2-9068-96D538A54D65}"
EndProject
Project("{9A19103F-16F7-4668-BE54-9A1E7A4F7556}") = "R5T.T0046", "..\..\R5T.T0046\source\R5T.T0046\R5T.T0046.csproj", "{87E7B989-25EA-4820-88D3-96C3871568B8}"
EndProject
Project("{9A19103F-16F7-4668-BE54-9A1E7A4F7556}") = "R5T.T0131", "..\..\R5T.T0131\source\R5T.T0131\R5T.T0131.csproj", "{D80AC780-C238-4E95-990F-CA6E95B0BFE9}"
EndProject
Project("{9A19103F-16F7-4668-BE54-9A1E7A4F7556}") = "R5T.T0132", "..\..\R5T.T0132\source\R5T.T0132\R5T.T0132.csproj", "{608D78E7-B069-406A-98D5-81B63383B61C}"
EndProject
Project("{9A19103F-16F7-4668-BE54-9A1E7A4F7556}") = "R5T.T0142", "..\..\R5T.T0142\source\R5T.T0142\R5T.T0142.csproj", "{5714A114-70E4-48F4-9702-7A648BBD42BA}"
EndProject
Project("{9A19103F-16F7-4668-BE54-9A1E7A4F7556}") = "R5T.T0143", "..\..\R5T.T0143\source\R5T.T0143\R5T.T0143.csproj", "{8F9D1239-EDB8-4441-835C-F34DBCAB3654}"
EndProject
Project("{9A19103F-16F7-4668-BE54-9A1E7A4F7556}") = "R5T.T0144", "..\..\R5T.T0144\source\R5T.T0144\R5T.T0144.csproj", "{FDA357F6-CD3B-4CF4-9D7E-BC220574720E}"
EndProject
Project("{9A19103F-16F7-4668-BE54-9A1E7A4F7556}") = "R5T.T0152", "..\..\R5T.T0152\source\R5T.T0152\R5T.T0152.csproj", "{09AACDE2-C2E4-4C4A-82AA-16EAF6F90D3A}"
EndProject
Project("{9A19103F-16F7-4668-BE54-9A1E7A4F7556}") = "R5T.T0153", "..\..\R5T.T0153\source\R5T.T0153\R5T.T0153.csproj", "{D94FB349-6A43-48A0-8DC0-1DA51FF339AA}"
EndProject
Project("{9A19103F-16F7-4668-BE54-9A1E7A4F7556}") = "R5T.T0154", "..\..\R5T.T0154\source\R5T.T0154\R5T.T0154.csproj", "{555FCCA1-593F-444D-A482-19F42E9DCB4E}"
EndProject
Project("{9A19103F-16F7-4668-BE54-9A1E7A4F7556}") = "R5T.T0156", "..\..\R5T.T0156\source\R5T.T0156\R5T.T0156.csproj", "{72C76294-562D-4267-B7B9-17D7AC9CC8B9}"
EndProject
Project("{9A19103F-16F7-4668-BE54-9A1E7A4F7556}") = "R5T.T0174", "..\..\R5T.T0174\source\R5T.T0174\R5T.T0174.csproj", "{61978328-4D50-4B13-BA3C-8F71C542363A}"
EndProject
Project("{9A19103F-16F7-4668-BE54-9A1E7A4F7556}") = "R5T.T0176", "..\..\R5T.T0176\source\R5T.T0176\R5T.T0176.csproj", "{D9AB913E-04D9-4C12-BC50-6205F289B814}"
EndProject
Project("{9A19103F-16F7-4668-BE54-9A1E7A4F7556}") = "R5T.T0177", "..\..\R5T.T0177\source\R5T.T0177\R5T.T0177.csproj", "{2C6A825C-0DA4-4936-983F-DCC75B78C88D}"
EndProject
Project("{9A19103F-16F7-4668-BE54-9A1E7A4F7556}") = "R5T.T0178", "..\..\R5T.T0178\source\R5T.T0178\R5T.T0178.csproj", "{41541A92-6F47-4EF7-8B60-5879D8B80DC2}"
EndProject
Project("{9A19103F-16F7-4668-BE54-9A1E7A4F7556}") = "R5T.T0179", "..\..\R5T.T0179\source\R5T.T0179\R5T.T0179.csproj", "{54ABFECD-8979-48B8-B23B-4208A2EFF52D}"
EndProject
Project("{9A19103F-16F7-4668-BE54-9A1E7A4F7556}") = "R5T.T0180", "..\..\R5T.T0180\source\R5T.T0180\R5T.T0180.csproj", "{06B6D986-7866-4DF0-A290-7DDCEC95F181}"
EndProject
Project("{9A19103F-16F7-4668-BE54-9A1E7A4F7556}") = "R5T.T0181", "..\..\R5T.T0181\source\R5T.T0181\R5T.T0181.csproj", "{D61EFFB6-B884-4B23-AD3B-58F886A64CC9}"
EndProject
Project("{9A19103F-16F7-4668-BE54-9A1E7A4F7556}") = "R5T.T0185", "..\..\R5T.T0185\source\R5T.T0185\R5T.T0185.csproj", "{2CC79B98-D470-4BD0-B6DA-EA3E645B5A7C}"
EndProject
Project("{9A19103F-16F7-4668-BE54-9A1E7A4F7556}") = "R5T.T0199.T000", "..\..\R5T.T0199\source\R5T.T0199.T000\R5T.T0199.T000.csproj", "{CD73716D-BF69-4481-8FB0-C7AB7C6CF5D5}"
EndProject
Project("{9A19103F-16F7-4668-BE54-9A1E7A4F7556}") = "R5T.T0199.T001", "..\..\R5T.T0199\source\R5T.T0199.T001\R5T.T0199.T001.csproj", "{ED2211F5-06B4-46D7-93CD-560C2E9321DD}"
EndProject
Project("{9A19103F-16F7-4668-BE54-9A1E7A4F7556}") = "R5T.T0199", "..\..\R5T.T0199\source\R5T.T0199\R5T.T0199.csproj", "{5C462273-8EAD-4288-8816-1F3E576B5739}"
EndProject
Project("{9A19103F-16F7-4668-BE54-9A1E7A4F7556}") = "R5T.T0209", "..\..\R5T.T0209\source\R5T.T0209\R5T.T0209.csproj", "{11381E79-3552-4F55-A222-D2EE67BCA45C}"
EndProject
Project("{9A19103F-16F7-4668-BE54-9A1E7A4F7556}") = "R5T.T0220", "..\..\R5T.T0220\source\R5T.T0220\R5T.T0220.csproj", "{4393AF64-21AC-433F-B6FB-8EBE98A84304}"
EndProject
Project("{9A19103F-16F7-4668-BE54-9A1E7A4F7556}") = "R5T.T0221", "..\..\R5T.T0221\source\R5T.T0221\R5T.T0221.csproj", "{2F0D392D-79B5-4A14-ACB1-DD825E0265BA}"
EndProject
Project("{9A19103F-16F7-4668-BE54-9A1E7A4F7556}") = "R5T.T0240", "..\..\R5T.T0240\source\R5T.T0240\R5T.T0240.csproj", "{ACFED9AB-442B-4B71-9499-D12D9ED9FC54}"
EndProject
Project("{9A19103F-16F7-4668-BE54-9A1E7A4F7556}") = "R5T.T0241", "..\..\R5T.T0241\source\R5T.T0241\R5T.T0241.csproj", "{6C0EC684-0484-4DB7-9B25-D57726090DB9}"
EndProject
Project("{9A19103F-16F7-4668-BE54-9A1E7A4F7556}") = "R5T.Y0000", "..\..\R5T.Y0000\source\R5T.Y0000\R5T.Y0000.csproj", "{B9CFCAE3-6C19-40FF-B787-38BC0C9635D7}"
EndProject
Project("{9A19103F-16F7-4668-BE54-9A1E7A4F7556}") = "R5T.Y0004", "..\..\R5T.Y0004\source\R5T.Y0004\R5T.Y0004.csproj", "{46CD428D-0EBE-4FC5-ADBC-D511850D5A60}"
EndProject
Project("{9A19103F-16F7-4668-BE54-9A1E7A4F7556}") = "R5T.Y0006", "..\..\R5T.Y0006\source\R5T.Y0006\R5T.Y0006.csproj", "{8050DC50-BCEE-481C-9CE6-18569F63D9B6}"
EndProject
Project("{9A19103F-16F7-4668-BE54-9A1E7A4F7556}") = "R5T.Z0000", "..\..\R5T.Z0000\source\R5T.Z0000\R5T.Z0000.csproj", "{FDC22824-0F9C-41C5-893A-2AC00B129CB3}"
EndProject
Project("{9A19103F-16F7-4668-BE54-9A1E7A4F7556}") = "R5T.Z0006", "..\..\R5T.Z0006\source\R5T.Z0006\R5T.Z0006.csproj", "{16056B13-2CFE-40DF-9C90-F4073273104D}"
EndProject
Project("{9A19103F-16F7-4668-BE54-9A1E7A4F7556}") = "R5T.Z0007", "..\..\R5T.Z0007\source\R5T.Z0007\R5T.Z0007.csproj", "{E57648C7-5A95-4099-81F6-768B8C300697}"
EndProject
Project("{9A19103F-16F7-4668-BE54-9A1E7A4F7556}") = "R5T.Z0010.Platform", "..\..\R5T.Z0010\source\R5T.Z0010.Platform\R5T.Z0010.Platform.csproj", "{43E495EF-3E97-4EA0-B2FE-C62546A9D1B3}"
EndProject
Project("{9A19103F-16F7-4668-BE54-9A1E7A4F7556}") = "R5T.Z0013", "..\..\R5T.Z0013\source\R5T.Z0013\R5T.Z0013.csproj", "{4429FCD8-3904-4947-A311-FB94F4ABA75A}"
EndProject
Project("{9A19103F-16F7-4668-BE54-9A1E7A4F7556}") = "R5T.Z0018", "..\..\R5T.Z0018.Private\source\R5T.Z0018\R5T.Z0018.csproj", "{AF222225-36F3-4DA7-AAA9-648DEFDF7422}"
EndProject
Project("{9A19103F-16F7-4668-BE54-9A1E7A4F7556}") = "R5T.Z0020", "..\..\R5T.Z0020\source\R5T.Z0020\R5T.Z0020.csproj", "{B3DA7974-B667-495E-8328-8B6A17A61554}"
EndProject
Global
	GlobalSection(NestedProjects) = preSolution
		{D734218E-75CF-4436-89AA-01CD49A5F1BF} = {97FD7133-58B3-46EB-A37F-214510BCC46D}
		{B91CB079-93B5-4CF2-B997-60DE98AE185C} = {97FD7133-58B3-46EB-A37F-214510BCC46D}
		{05B20AC6-C2ED-4DF3-99AF-E1C8A211C665} = {97FD7133-58B3-46EB-A37F-214510BCC46D}
		{F253B9CC-330D-42AD-B4E3-92D811FA20B8} = {97FD7133-58B3-46EB-A37F-214510BCC46D}
		{F0465F99-3596-49A5-8D2C-0D8700F498BB} = {97FD7133-58B3-46EB-A37F-214510BCC46D}
		{F124D9C4-812E-4B02-937F-DC76A470EF9F} = {97FD7133-58B3-46EB-A37F-214510BCC46D}
		{E73C94B1-2CD4-4E2F-A0EE-615F58985AD2} = {97FD7133-58B3-46EB-A37F-214510BCC46D}
		{1CA25DB6-0C34-4CE9-8B57-412CBD6C1A42} = {97FD7133-58B3-46EB-A37F-214510BCC46D}
		{C9767BA5-8FDA-4A36-A991-C81E8AAECE57} = {97FD7133-58B3-46EB-A37F-214510BCC46D}
		{074CB579-1A40-4249-9B84-B6D398E3ED77} = {97FD7133-58B3-46EB-A37F-214510BCC46D}
		{EC54198C-9F09-4657-BC05-DF6CC5EBAEF8} = {97FD7133-58B3-46EB-A37F-214510BCC46D}
		{37065682-1B7E-47D0-9E07-18A31167FFC1} = {97FD7133-58B3-46EB-A37F-214510BCC46D}
		{78C8AE1F-9DE9-4E51-8E6B-39673515CD0E} = {97FD7133-58B3-46EB-A37F-214510BCC46D}
		{1ECC9D12-1F37-43B9-A243-67DB63CD36DC} = {97FD7133-58B3-46EB-A37F-214510BCC46D}
		{EA909274-D13A-4F67-B191-497674D9640A} = {97FD7133-58B3-46EB-A37F-214510BCC46D}
		{BE7EE699-BD72-42F9-A11B-70048ECFA015} = {97FD7133-58B3-46EB-A37F-214510BCC46D}
		{7E5D03EC-D8F1-4367-B4EF-06A7C9478F08} = {97FD7133-58B3-46EB-A37F-214510BCC46D}
		{FDE69718-297E-4297-A68E-43C88FA5F728} = {97FD7133-58B3-46EB-A37F-214510BCC46D}
		{52BF4D6E-D5A5-4BC7-9FE3-80DDCD1C05AA} = {97FD7133-58B3-46EB-A37F-214510BCC46D}
		{CBD1DB65-2134-4C15-A8A5-B57CA09B59BF} = {97FD7133-58B3-46EB-A37F-214510BCC46D}
		{E6689E1D-A867-496F-86FD-10F34A038133} = {97FD7133-58B3-46EB-A37F-214510BCC46D}
		{B15F7086-B88C-40F6-B4FB-364556346139} = {97FD7133-58B3-46EB-A37F-214510BCC46D}
		{6B9F0674-CEF0-4817-8E02-022B82D9E27B} = {97FD7133-58B3-46EB-A37F-214510BCC46D}
		{C384F42C-FBA8-48F6-AE01-3A09C7A97977} = {97FD7133-58B3-46EB-A37F-214510BCC46D}
		{EE9CEB5B-354C-49CE-8AC6-4C87FE38248C} = {97FD7133-58B3-46EB-A37F-214510BCC46D}
		{CCB54520-975F-4AFB-AA2A-6D1A9E91699E} = {97FD7133-58B3-46EB-A37F-214510BCC46D}
		{B983063F-932A-438B-8E4C-8B0DA7941B63} = {97FD7133-58B3-46EB-A37F-214510BCC46D}
		{5B7DFF05-9992-4E5D-BFCA-EBA1BC848821} = {97FD7133-58B3-46EB-A37F-214510BCC46D}
		{B52A834E-93D2-4A6A-84A3-0827A4462548} = {97FD7133-58B3-46EB-A37F-214510BCC46D}
		{4C66130A-E189-48F3-8ECA-8A1AF400DFE9} = {97FD7133-58B3-46EB-A37F-214510BCC46D}
		{E02BCACE-F02D-4060-A0B4-0F455D13C17B} = {97FD7133-58B3-46EB-A37F-214510BCC46D}
		{4B65F078-A7DF-4CCB-BCAA-9465744C97AA} = {97FD7133-58B3-46EB-A37F-214510BCC46D}
		{C8310BA2-B3AA-4047-90F8-D2FB24E823EB} = {97FD7133-58B3-46EB-A37F-214510BCC46D}
		{2F4B3F5A-1533-42BC-B42E-B18D4E134AA3} = {97FD7133-58B3-46EB-A37F-214510BCC46D}
		{E2534023-48DA-4E05-A74A-6B4D8176D7F9} = {97FD7133-58B3-46EB-A37F-214510BCC46D}
		{9ABCF040-CAEE-4BB3-BB41-2FB0EC8A289E} = {97FD7133-58B3-46EB-A37F-214510BCC46D}
		{B67D9DEB-D68C-4C15-8587-BD0447D4FA5C} = {97FD7133-58B3-46EB-A37F-214510BCC46D}
		{4479A584-3003-4B85-8797-84DB95860E3B} = {97FD7133-58B3-46EB-A37F-214510BCC46D}
		{8F860223-9C97-49FF-9D2E-8405812391BE} = {97FD7133-58B3-46EB-A37F-214510BCC46D}
		{F9533464-70D7-4FF9-9343-E2CC6197E578} = {97FD7133-58B3-46EB-A37F-214510BCC46D}
		{AF12C2B2-32B8-4E78-9F0C-22988C0A7C15} = {97FD7133-58B3-46EB-A37F-214510BCC46D}
		{EC3B7CEC-D841-4E37-B1B7-48E01CB9A761} = {97FD7133-58B3-46EB-A37F-214510BCC46D}
		{0040598E-2CF9-439E-BB00-CB139A8483B5} = {97FD7133-58B3-46EB-A37F-214510BCC46D}
		{B7E4EBEB-8B62-481E-89BC-B70B1CB6106F} = {97FD7133-58B3-46EB-A37F-214510BCC46D}
		{F558E16D-97F2-43E3-ACB1-28F5623B8933} = {97FD7133-58B3-46EB-A37F-214510BCC46D}
		{E78CBB44-EEB4-44DC-9A98-2D9B09311D8A} = {97FD7133-58B3-46EB-A37F-214510BCC46D}
		{58F4FC8D-5589-4A3D-AEEA-03736A082AF4} = {97FD7133-58B3-46EB-A37F-214510BCC46D}
		{3C0F5333-F1CA-42D2-9068-96D538A54D65} = {97FD7133-58B3-46EB-A37F-214510BCC46D}
		{87E7B989-25EA-4820-88D3-96C3871568B8} = {97FD7133-58B3-46EB-A37F-214510BCC46D}
		{D80AC780-C238-4E95-990F-CA6E95B0BFE9} = {97FD7133-58B3-46EB-A37F-214510BCC46D}
		{608D78E7-B069-406A-98D5-81B63383B61C} = {97FD7133-58B3-46EB-A37F-214510BCC46D}
		{5714A114-70E4-48F4-9702-7A648BBD42BA} = {97FD7133-58B3-46EB-A37F-214510BCC46D}
		{8F9D1239-EDB8-4441-835C-F34DBCAB3654} = {97FD7133-58B3-46EB-A37F-214510BCC46D}
		{FDA357F6-CD3B-4CF4-9D7E-BC220574720E} = {97FD7133-58B3-46EB-A37F-214510BCC46D}
		{09AACDE2-C2E4-4C4A-82AA-16EAF6F90D3A} = {97FD7133-58B3-46EB-A37F-214510BCC46D}
		{D94FB349-6A43-48A0-8DC0-1DA51FF339AA} = {97FD7133-58B3-46EB-A37F-214510BCC46D}
		{555FCCA1-593F-444D-A482-19F42E9DCB4E} = {97FD7133-58B3-46EB-A37F-214510BCC46D}
		{72C76294-562D-4267-B7B9-17D7AC9CC8B9} = {97FD7133-58B3-46EB-A37F-214510BCC46D}
		{61978328-4D50-4B13-BA3C-8F71C542363A} = {97FD7133-58B3-46EB-A37F-214510BCC46D}
		{D9AB913E-04D9-4C12-BC50-6205F289B814} = {97FD7133-58B3-46EB-A37F-214510BCC46D}
		{2C6A825C-0DA4-4936-983F-DCC75B78C88D} = {97FD7133-58B3-46EB-A37F-214510BCC46D}
		{41541A92-6F47-4EF7-8B60-5879D8B80DC2} = {97FD7133-58B3-46EB-A37F-214510BCC46D}
		{54ABFECD-8979-48B8-B23B-4208A2EFF52D} = {97FD7133-58B3-46EB-A37F-214510BCC46D}
		{06B6D986-7866-4DF0-A290-7DDCEC95F181} = {97FD7133-58B3-46EB-A37F-214510BCC46D}
		{D61EFFB6-B884-4B23-AD3B-58F886A64CC9} = {97FD7133-58B3-46EB-A37F-214510BCC46D}
		{2CC79B98-D470-4BD0-B6DA-EA3E645B5A7C} = {97FD7133-58B3-46EB-A37F-214510BCC46D}
		{CD73716D-BF69-4481-8FB0-C7AB7C6CF5D5} = {97FD7133-58B3-46EB-A37F-214510BCC46D}
		{ED2211F5-06B4-46D7-93CD-560C2E9321DD} = {97FD7133-58B3-46EB-A37F-214510BCC46D}
		{5C462273-8EAD-4288-8816-1F3E576B5739} = {97FD7133-58B3-46EB-A37F-214510BCC46D}
		{11381E79-3552-4F55-A222-D2EE67BCA45C} = {97FD7133-58B3-46EB-A37F-214510BCC46D}
		{4393AF64-21AC-433F-B6FB-8EBE98A84304} = {97FD7133-58B3-46EB-A37F-214510BCC46D}
		{2F0D392D-79B5-4A14-ACB1-DD825E0265BA} = {97FD7133-58B3-46EB-A37F-214510BCC46D}
		{ACFED9AB-442B-4B71-9499-D12D9ED9FC54} = {97FD7133-58B3-46EB-A37F-214510BCC46D}
		{6C0EC684-0484-4DB7-9B25-D57726090DB9} = {97FD7133-58B3-46EB-A37F-214510BCC46D}
		{B9CFCAE3-6C19-40FF-B787-38BC0C9635D7} = {97FD7133-58B3-46EB-A37F-214510BCC46D}
		{46CD428D-0EBE-4FC5-ADBC-D511850D5A60} = {97FD7133-58B3-46EB-A37F-214510BCC46D}
		{8050DC50-BCEE-481C-9CE6-18569F63D9B6} = {97FD7133-58B3-46EB-A37F-214510BCC46D}
		{FDC22824-0F9C-41C5-893A-2AC00B129CB3} = {97FD7133-58B3-46EB-A37F-214510BCC46D}
		{16056B13-2CFE-40DF-9C90-F4073273104D} = {97FD7133-58B3-46EB-A37F-214510BCC46D}
		{E57648C7-5A95-4099-81F6-768B8C300697} = {97FD7133-58B3-46EB-A37F-214510BCC46D}
		{43E495EF-3E97-4EA0-B2FE-C62546A9D1B3} = {97FD7133-58B3-46EB-A37F-214510BCC46D}
		{4429FCD8-3904-4947-A311-FB94F4ABA75A} = {97FD7133-58B3-46EB-A37F-214510BCC46D}
		{AF222225-36F3-4DA7-AAA9-648DEFDF7422} = {97FD7133-58B3-46EB-A37F-214510BCC46D}
		{B3DA7974-B667-495E-8328-8B6A17A61554} = {97FD7133-58B3-46EB-A37F-214510BCC46D}
	EndGlobalSection
	GlobalSection(SolutionConfigurationPlatforms) = preSolution
		Debug|Any CPU = Debug|Any CPU
		Release|Any CPU = Release|Any CPU
	EndGlobalSection
	GlobalSection(ProjectConfigurationPlatforms) = postSolution
		{A2F0F409-3437-4B2D-934B-D3D847D33123}.Debug|Any CPU.ActiveCfg = Debug|Any CPU
		{A2F0F409-3437-4B2D-934B-D3D847D33123}.Debug|Any CPU.Build.0 = Debug|Any CPU
		{A2F0F409-3437-4B2D-934B-D3D847D33123}.Release|Any CPU.ActiveCfg = Release|Any CPU
		{A2F0F409-3437-4B2D-934B-D3D847D33123}.Release|Any CPU.Build.0 = Release|Any CPU
		{0F20334E-B61A-4112-90A8-1F7F56869011}.Debug|Any CPU.ActiveCfg = Debug|Any CPU
		{0F20334E-B61A-4112-90A8-1F7F56869011}.Debug|Any CPU.Build.0 = Debug|Any CPU
		{0F20334E-B61A-4112-90A8-1F7F56869011}.Release|Any CPU.ActiveCfg = Release|Any CPU
		{0F20334E-B61A-4112-90A8-1F7F56869011}.Release|Any CPU.Build.0 = Release|Any CPU
		{D734218E-75CF-4436-89AA-01CD49A5F1BF}.Debug|Any CPU.ActiveCfg = Debug|Any CPU
		{D734218E-75CF-4436-89AA-01CD49A5F1BF}.Debug|Any CPU.Build.0 = Debug|Any CPU
		{D734218E-75CF-4436-89AA-01CD49A5F1BF}.Release|Any CPU.ActiveCfg = Release|Any CPU
		{D734218E-75CF-4436-89AA-01CD49A5F1BF}.Release|Any CPU.Build.0 = Release|Any CPU
		{B91CB079-93B5-4CF2-B997-60DE98AE185C}.Debug|Any CPU.ActiveCfg = Debug|Any CPU
		{B91CB079-93B5-4CF2-B997-60DE98AE185C}.Debug|Any CPU.Build.0 = Debug|Any CPU
		{B91CB079-93B5-4CF2-B997-60DE98AE185C}.Release|Any CPU.ActiveCfg = Release|Any CPU
		{B91CB079-93B5-4CF2-B997-60DE98AE185C}.Release|Any CPU.Build.0 = Release|Any CPU
		{05B20AC6-C2ED-4DF3-99AF-E1C8A211C665}.Debug|Any CPU.ActiveCfg = Debug|Any CPU
		{05B20AC6-C2ED-4DF3-99AF-E1C8A211C665}.Debug|Any CPU.Build.0 = Debug|Any CPU
		{05B20AC6-C2ED-4DF3-99AF-E1C8A211C665}.Release|Any CPU.ActiveCfg = Release|Any CPU
		{05B20AC6-C2ED-4DF3-99AF-E1C8A211C665}.Release|Any CPU.Build.0 = Release|Any CPU
		{F253B9CC-330D-42AD-B4E3-92D811FA20B8}.Debug|Any CPU.ActiveCfg = Debug|Any CPU
		{F253B9CC-330D-42AD-B4E3-92D811FA20B8}.Debug|Any CPU.Build.0 = Debug|Any CPU
		{F253B9CC-330D-42AD-B4E3-92D811FA20B8}.Release|Any CPU.ActiveCfg = Release|Any CPU
		{F253B9CC-330D-42AD-B4E3-92D811FA20B8}.Release|Any CPU.Build.0 = Release|Any CPU
		{F0465F99-3596-49A5-8D2C-0D8700F498BB}.Debug|Any CPU.ActiveCfg = Debug|Any CPU
		{F0465F99-3596-49A5-8D2C-0D8700F498BB}.Debug|Any CPU.Build.0 = Debug|Any CPU
		{F0465F99-3596-49A5-8D2C-0D8700F498BB}.Release|Any CPU.ActiveCfg = Release|Any CPU
		{F0465F99-3596-49A5-8D2C-0D8700F498BB}.Release|Any CPU.Build.0 = Release|Any CPU
		{F124D9C4-812E-4B02-937F-DC76A470EF9F}.Debug|Any CPU.ActiveCfg = Debug|Any CPU
		{F124D9C4-812E-4B02-937F-DC76A470EF9F}.Debug|Any CPU.Build.0 = Debug|Any CPU
		{F124D9C4-812E-4B02-937F-DC76A470EF9F}.Release|Any CPU.ActiveCfg = Release|Any CPU
		{F124D9C4-812E-4B02-937F-DC76A470EF9F}.Release|Any CPU.Build.0 = Release|Any CPU
		{E73C94B1-2CD4-4E2F-A0EE-615F58985AD2}.Debug|Any CPU.ActiveCfg = Debug|Any CPU
		{E73C94B1-2CD4-4E2F-A0EE-615F58985AD2}.Debug|Any CPU.Build.0 = Debug|Any CPU
		{E73C94B1-2CD4-4E2F-A0EE-615F58985AD2}.Release|Any CPU.ActiveCfg = Release|Any CPU
		{E73C94B1-2CD4-4E2F-A0EE-615F58985AD2}.Release|Any CPU.Build.0 = Release|Any CPU
		{1CA25DB6-0C34-4CE9-8B57-412CBD6C1A42}.Debug|Any CPU.ActiveCfg = Debug|Any CPU
		{1CA25DB6-0C34-4CE9-8B57-412CBD6C1A42}.Debug|Any CPU.Build.0 = Debug|Any CPU
		{1CA25DB6-0C34-4CE9-8B57-412CBD6C1A42}.Release|Any CPU.ActiveCfg = Release|Any CPU
		{1CA25DB6-0C34-4CE9-8B57-412CBD6C1A42}.Release|Any CPU.Build.0 = Release|Any CPU
		{C9767BA5-8FDA-4A36-A991-C81E8AAECE57}.Debug|Any CPU.ActiveCfg = Debug|Any CPU
		{C9767BA5-8FDA-4A36-A991-C81E8AAECE57}.Debug|Any CPU.Build.0 = Debug|Any CPU
		{C9767BA5-8FDA-4A36-A991-C81E8AAECE57}.Release|Any CPU.ActiveCfg = Release|Any CPU
		{C9767BA5-8FDA-4A36-A991-C81E8AAECE57}.Release|Any CPU.Build.0 = Release|Any CPU
		{074CB579-1A40-4249-9B84-B6D398E3ED77}.Debug|Any CPU.ActiveCfg = Debug|Any CPU
		{074CB579-1A40-4249-9B84-B6D398E3ED77}.Debug|Any CPU.Build.0 = Debug|Any CPU
		{074CB579-1A40-4249-9B84-B6D398E3ED77}.Release|Any CPU.ActiveCfg = Release|Any CPU
		{074CB579-1A40-4249-9B84-B6D398E3ED77}.Release|Any CPU.Build.0 = Release|Any CPU
		{EC54198C-9F09-4657-BC05-DF6CC5EBAEF8}.Debug|Any CPU.ActiveCfg = Debug|Any CPU
		{EC54198C-9F09-4657-BC05-DF6CC5EBAEF8}.Debug|Any CPU.Build.0 = Debug|Any CPU
		{EC54198C-9F09-4657-BC05-DF6CC5EBAEF8}.Release|Any CPU.ActiveCfg = Release|Any CPU
		{EC54198C-9F09-4657-BC05-DF6CC5EBAEF8}.Release|Any CPU.Build.0 = Release|Any CPU
		{37065682-1B7E-47D0-9E07-18A31167FFC1}.Debug|Any CPU.ActiveCfg = Debug|Any CPU
		{37065682-1B7E-47D0-9E07-18A31167FFC1}.Debug|Any CPU.Build.0 = Debug|Any CPU
		{37065682-1B7E-47D0-9E07-18A31167FFC1}.Release|Any CPU.ActiveCfg = Release|Any CPU
		{37065682-1B7E-47D0-9E07-18A31167FFC1}.Release|Any CPU.Build.0 = Release|Any CPU
		{78C8AE1F-9DE9-4E51-8E6B-39673515CD0E}.Debug|Any CPU.ActiveCfg = Debug|Any CPU
		{78C8AE1F-9DE9-4E51-8E6B-39673515CD0E}.Debug|Any CPU.Build.0 = Debug|Any CPU
		{78C8AE1F-9DE9-4E51-8E6B-39673515CD0E}.Release|Any CPU.ActiveCfg = Release|Any CPU
		{78C8AE1F-9DE9-4E51-8E6B-39673515CD0E}.Release|Any CPU.Build.0 = Release|Any CPU
		{1ECC9D12-1F37-43B9-A243-67DB63CD36DC}.Debug|Any CPU.ActiveCfg = Debug|Any CPU
		{1ECC9D12-1F37-43B9-A243-67DB63CD36DC}.Debug|Any CPU.Build.0 = Debug|Any CPU
		{1ECC9D12-1F37-43B9-A243-67DB63CD36DC}.Release|Any CPU.ActiveCfg = Release|Any CPU
		{1ECC9D12-1F37-43B9-A243-67DB63CD36DC}.Release|Any CPU.Build.0 = Release|Any CPU
		{EA909274-D13A-4F67-B191-497674D9640A}.Debug|Any CPU.ActiveCfg = Debug|Any CPU
		{EA909274-D13A-4F67-B191-497674D9640A}.Debug|Any CPU.Build.0 = Debug|Any CPU
		{EA909274-D13A-4F67-B191-497674D9640A}.Release|Any CPU.ActiveCfg = Release|Any CPU
		{EA909274-D13A-4F67-B191-497674D9640A}.Release|Any CPU.Build.0 = Release|Any CPU
		{BE7EE699-BD72-42F9-A11B-70048ECFA015}.Debug|Any CPU.ActiveCfg = Debug|Any CPU
		{BE7EE699-BD72-42F9-A11B-70048ECFA015}.Debug|Any CPU.Build.0 = Debug|Any CPU
		{BE7EE699-BD72-42F9-A11B-70048ECFA015}.Release|Any CPU.ActiveCfg = Release|Any CPU
		{BE7EE699-BD72-42F9-A11B-70048ECFA015}.Release|Any CPU.Build.0 = Release|Any CPU
		{7E5D03EC-D8F1-4367-B4EF-06A7C9478F08}.Debug|Any CPU.ActiveCfg = Debug|Any CPU
		{7E5D03EC-D8F1-4367-B4EF-06A7C9478F08}.Debug|Any CPU.Build.0 = Debug|Any CPU
		{7E5D03EC-D8F1-4367-B4EF-06A7C9478F08}.Release|Any CPU.ActiveCfg = Release|Any CPU
		{7E5D03EC-D8F1-4367-B4EF-06A7C9478F08}.Release|Any CPU.Build.0 = Release|Any CPU
		{FDE69718-297E-4297-A68E-43C88FA5F728}.Debug|Any CPU.ActiveCfg = Debug|Any CPU
		{FDE69718-297E-4297-A68E-43C88FA5F728}.Debug|Any CPU.Build.0 = Debug|Any CPU
		{FDE69718-297E-4297-A68E-43C88FA5F728}.Release|Any CPU.ActiveCfg = Release|Any CPU
		{FDE69718-297E-4297-A68E-43C88FA5F728}.Release|Any CPU.Build.0 = Release|Any CPU
		{52BF4D6E-D5A5-4BC7-9FE3-80DDCD1C05AA}.Debug|Any CPU.ActiveCfg = Debug|Any CPU
		{52BF4D6E-D5A5-4BC7-9FE3-80DDCD1C05AA}.Debug|Any CPU.Build.0 = Debug|Any CPU
		{52BF4D6E-D5A5-4BC7-9FE3-80DDCD1C05AA}.Release|Any CPU.ActiveCfg = Release|Any CPU
		{52BF4D6E-D5A5-4BC7-9FE3-80DDCD1C05AA}.Release|Any CPU.Build.0 = Release|Any CPU
		{CBD1DB65-2134-4C15-A8A5-B57CA09B59BF}.Debug|Any CPU.ActiveCfg = Debug|Any CPU
		{CBD1DB65-2134-4C15-A8A5-B57CA09B59BF}.Debug|Any CPU.Build.0 = Debug|Any CPU
		{CBD1DB65-2134-4C15-A8A5-B57CA09B59BF}.Release|Any CPU.ActiveCfg = Release|Any CPU
		{CBD1DB65-2134-4C15-A8A5-B57CA09B59BF}.Release|Any CPU.Build.0 = Release|Any CPU
		{E6689E1D-A867-496F-86FD-10F34A038133}.Debug|Any CPU.ActiveCfg = Debug|Any CPU
		{E6689E1D-A867-496F-86FD-10F34A038133}.Debug|Any CPU.Build.0 = Debug|Any CPU
		{E6689E1D-A867-496F-86FD-10F34A038133}.Release|Any CPU.ActiveCfg = Release|Any CPU
		{E6689E1D-A867-496F-86FD-10F34A038133}.Release|Any CPU.Build.0 = Release|Any CPU
		{B15F7086-B88C-40F6-B4FB-364556346139}.Debug|Any CPU.ActiveCfg = Debug|Any CPU
		{B15F7086-B88C-40F6-B4FB-364556346139}.Debug|Any CPU.Build.0 = Debug|Any CPU
		{B15F7086-B88C-40F6-B4FB-364556346139}.Release|Any CPU.ActiveCfg = Release|Any CPU
		{B15F7086-B88C-40F6-B4FB-364556346139}.Release|Any CPU.Build.0 = Release|Any CPU
		{6B9F0674-CEF0-4817-8E02-022B82D9E27B}.Debug|Any CPU.ActiveCfg = Debug|Any CPU
		{6B9F0674-CEF0-4817-8E02-022B82D9E27B}.Debug|Any CPU.Build.0 = Debug|Any CPU
		{6B9F0674-CEF0-4817-8E02-022B82D9E27B}.Release|Any CPU.ActiveCfg = Release|Any CPU
		{6B9F0674-CEF0-4817-8E02-022B82D9E27B}.Release|Any CPU.Build.0 = Release|Any CPU
		{C384F42C-FBA8-48F6-AE01-3A09C7A97977}.Debug|Any CPU.ActiveCfg = Debug|Any CPU
		{C384F42C-FBA8-48F6-AE01-3A09C7A97977}.Debug|Any CPU.Build.0 = Debug|Any CPU
		{C384F42C-FBA8-48F6-AE01-3A09C7A97977}.Release|Any CPU.ActiveCfg = Release|Any CPU
		{C384F42C-FBA8-48F6-AE01-3A09C7A97977}.Release|Any CPU.Build.0 = Release|Any CPU
		{EE9CEB5B-354C-49CE-8AC6-4C87FE38248C}.Debug|Any CPU.ActiveCfg = Debug|Any CPU
		{EE9CEB5B-354C-49CE-8AC6-4C87FE38248C}.Debug|Any CPU.Build.0 = Debug|Any CPU
		{EE9CEB5B-354C-49CE-8AC6-4C87FE38248C}.Release|Any CPU.ActiveCfg = Release|Any CPU
		{EE9CEB5B-354C-49CE-8AC6-4C87FE38248C}.Release|Any CPU.Build.0 = Release|Any CPU
		{CCB54520-975F-4AFB-AA2A-6D1A9E91699E}.Debug|Any CPU.ActiveCfg = Debug|Any CPU
		{CCB54520-975F-4AFB-AA2A-6D1A9E91699E}.Debug|Any CPU.Build.0 = Debug|Any CPU
		{CCB54520-975F-4AFB-AA2A-6D1A9E91699E}.Release|Any CPU.ActiveCfg = Release|Any CPU
		{CCB54520-975F-4AFB-AA2A-6D1A9E91699E}.Release|Any CPU.Build.0 = Release|Any CPU
		{B983063F-932A-438B-8E4C-8B0DA7941B63}.Debug|Any CPU.ActiveCfg = Debug|Any CPU
		{B983063F-932A-438B-8E4C-8B0DA7941B63}.Debug|Any CPU.Build.0 = Debug|Any CPU
		{B983063F-932A-438B-8E4C-8B0DA7941B63}.Release|Any CPU.ActiveCfg = Release|Any CPU
		{B983063F-932A-438B-8E4C-8B0DA7941B63}.Release|Any CPU.Build.0 = Release|Any CPU
		{5B7DFF05-9992-4E5D-BFCA-EBA1BC848821}.Debug|Any CPU.ActiveCfg = Debug|Any CPU
		{5B7DFF05-9992-4E5D-BFCA-EBA1BC848821}.Debug|Any CPU.Build.0 = Debug|Any CPU
		{5B7DFF05-9992-4E5D-BFCA-EBA1BC848821}.Release|Any CPU.ActiveCfg = Release|Any CPU
		{5B7DFF05-9992-4E5D-BFCA-EBA1BC848821}.Release|Any CPU.Build.0 = Release|Any CPU
		{B52A834E-93D2-4A6A-84A3-0827A4462548}.Debug|Any CPU.ActiveCfg = Debug|Any CPU
		{B52A834E-93D2-4A6A-84A3-0827A4462548}.Debug|Any CPU.Build.0 = Debug|Any CPU
		{B52A834E-93D2-4A6A-84A3-0827A4462548}.Release|Any CPU.ActiveCfg = Release|Any CPU
		{B52A834E-93D2-4A6A-84A3-0827A4462548}.Release|Any CPU.Build.0 = Release|Any CPU
		{4C66130A-E189-48F3-8ECA-8A1AF400DFE9}.Debug|Any CPU.ActiveCfg = Debug|Any CPU
		{4C66130A-E189-48F3-8ECA-8A1AF400DFE9}.Debug|Any CPU.Build.0 = Debug|Any CPU
		{4C66130A-E189-48F3-8ECA-8A1AF400DFE9}.Release|Any CPU.ActiveCfg = Release|Any CPU
		{4C66130A-E189-48F3-8ECA-8A1AF400DFE9}.Release|Any CPU.Build.0 = Release|Any CPU
		{E02BCACE-F02D-4060-A0B4-0F455D13C17B}.Debug|Any CPU.ActiveCfg = Debug|Any CPU
		{E02BCACE-F02D-4060-A0B4-0F455D13C17B}.Debug|Any CPU.Build.0 = Debug|Any CPU
		{E02BCACE-F02D-4060-A0B4-0F455D13C17B}.Release|Any CPU.ActiveCfg = Release|Any CPU
		{E02BCACE-F02D-4060-A0B4-0F455D13C17B}.Release|Any CPU.Build.0 = Release|Any CPU
		{4B65F078-A7DF-4CCB-BCAA-9465744C97AA}.Debug|Any CPU.ActiveCfg = Debug|Any CPU
		{4B65F078-A7DF-4CCB-BCAA-9465744C97AA}.Debug|Any CPU.Build.0 = Debug|Any CPU
		{4B65F078-A7DF-4CCB-BCAA-9465744C97AA}.Release|Any CPU.ActiveCfg = Release|Any CPU
		{4B65F078-A7DF-4CCB-BCAA-9465744C97AA}.Release|Any CPU.Build.0 = Release|Any CPU
		{C8310BA2-B3AA-4047-90F8-D2FB24E823EB}.Debug|Any CPU.ActiveCfg = Debug|Any CPU
		{C8310BA2-B3AA-4047-90F8-D2FB24E823EB}.Debug|Any CPU.Build.0 = Debug|Any CPU
		{C8310BA2-B3AA-4047-90F8-D2FB24E823EB}.Release|Any CPU.ActiveCfg = Release|Any CPU
		{C8310BA2-B3AA-4047-90F8-D2FB24E823EB}.Release|Any CPU.Build.0 = Release|Any CPU
		{2F4B3F5A-1533-42BC-B42E-B18D4E134AA3}.Debug|Any CPU.ActiveCfg = Debug|Any CPU
		{2F4B3F5A-1533-42BC-B42E-B18D4E134AA3}.Debug|Any CPU.Build.0 = Debug|Any CPU
		{2F4B3F5A-1533-42BC-B42E-B18D4E134AA3}.Release|Any CPU.ActiveCfg = Release|Any CPU
		{2F4B3F5A-1533-42BC-B42E-B18D4E134AA3}.Release|Any CPU.Build.0 = Release|Any CPU
		{E2534023-48DA-4E05-A74A-6B4D8176D7F9}.Debug|Any CPU.ActiveCfg = Debug|Any CPU
		{E2534023-48DA-4E05-A74A-6B4D8176D7F9}.Debug|Any CPU.Build.0 = Debug|Any CPU
		{E2534023-48DA-4E05-A74A-6B4D8176D7F9}.Release|Any CPU.ActiveCfg = Release|Any CPU
		{E2534023-48DA-4E05-A74A-6B4D8176D7F9}.Release|Any CPU.Build.0 = Release|Any CPU
		{9ABCF040-CAEE-4BB3-BB41-2FB0EC8A289E}.Debug|Any CPU.ActiveCfg = Debug|Any CPU
		{9ABCF040-CAEE-4BB3-BB41-2FB0EC8A289E}.Debug|Any CPU.Build.0 = Debug|Any CPU
		{9ABCF040-CAEE-4BB3-BB41-2FB0EC8A289E}.Release|Any CPU.ActiveCfg = Release|Any CPU
		{9ABCF040-CAEE-4BB3-BB41-2FB0EC8A289E}.Release|Any CPU.Build.0 = Release|Any CPU
		{B67D9DEB-D68C-4C15-8587-BD0447D4FA5C}.Debug|Any CPU.ActiveCfg = Debug|Any CPU
		{B67D9DEB-D68C-4C15-8587-BD0447D4FA5C}.Debug|Any CPU.Build.0 = Debug|Any CPU
		{B67D9DEB-D68C-4C15-8587-BD0447D4FA5C}.Release|Any CPU.ActiveCfg = Release|Any CPU
		{B67D9DEB-D68C-4C15-8587-BD0447D4FA5C}.Release|Any CPU.Build.0 = Release|Any CPU
		{4479A584-3003-4B85-8797-84DB95860E3B}.Debug|Any CPU.ActiveCfg = Debug|Any CPU
		{4479A584-3003-4B85-8797-84DB95860E3B}.Debug|Any CPU.Build.0 = Debug|Any CPU
		{4479A584-3003-4B85-8797-84DB95860E3B}.Release|Any CPU.ActiveCfg = Release|Any CPU
		{4479A584-3003-4B85-8797-84DB95860E3B}.Release|Any CPU.Build.0 = Release|Any CPU
		{8F860223-9C97-49FF-9D2E-8405812391BE}.Debug|Any CPU.ActiveCfg = Debug|Any CPU
		{8F860223-9C97-49FF-9D2E-8405812391BE}.Debug|Any CPU.Build.0 = Debug|Any CPU
		{8F860223-9C97-49FF-9D2E-8405812391BE}.Release|Any CPU.ActiveCfg = Release|Any CPU
		{8F860223-9C97-49FF-9D2E-8405812391BE}.Release|Any CPU.Build.0 = Release|Any CPU
		{F9533464-70D7-4FF9-9343-E2CC6197E578}.Debug|Any CPU.ActiveCfg = Debug|Any CPU
		{F9533464-70D7-4FF9-9343-E2CC6197E578}.Debug|Any CPU.Build.0 = Debug|Any CPU
		{F9533464-70D7-4FF9-9343-E2CC6197E578}.Release|Any CPU.ActiveCfg = Release|Any CPU
		{F9533464-70D7-4FF9-9343-E2CC6197E578}.Release|Any CPU.Build.0 = Release|Any CPU
		{AF12C2B2-32B8-4E78-9F0C-22988C0A7C15}.Debug|Any CPU.ActiveCfg = Debug|Any CPU
		{AF12C2B2-32B8-4E78-9F0C-22988C0A7C15}.Debug|Any CPU.Build.0 = Debug|Any CPU
		{AF12C2B2-32B8-4E78-9F0C-22988C0A7C15}.Release|Any CPU.ActiveCfg = Release|Any CPU
		{AF12C2B2-32B8-4E78-9F0C-22988C0A7C15}.Release|Any CPU.Build.0 = Release|Any CPU
		{EC3B7CEC-D841-4E37-B1B7-48E01CB9A761}.Debug|Any CPU.ActiveCfg = Debug|Any CPU
		{EC3B7CEC-D841-4E37-B1B7-48E01CB9A761}.Debug|Any CPU.Build.0 = Debug|Any CPU
		{EC3B7CEC-D841-4E37-B1B7-48E01CB9A761}.Release|Any CPU.ActiveCfg = Release|Any CPU
		{EC3B7CEC-D841-4E37-B1B7-48E01CB9A761}.Release|Any CPU.Build.0 = Release|Any CPU
		{0040598E-2CF9-439E-BB00-CB139A8483B5}.Debug|Any CPU.ActiveCfg = Debug|Any CPU
		{0040598E-2CF9-439E-BB00-CB139A8483B5}.Debug|Any CPU.Build.0 = Debug|Any CPU
		{0040598E-2CF9-439E-BB00-CB139A8483B5}.Release|Any CPU.ActiveCfg = Release|Any CPU
		{0040598E-2CF9-439E-BB00-CB139A8483B5}.Release|Any CPU.Build.0 = Release|Any CPU
		{B7E4EBEB-8B62-481E-89BC-B70B1CB6106F}.Debug|Any CPU.ActiveCfg = Debug|Any CPU
		{B7E4EBEB-8B62-481E-89BC-B70B1CB6106F}.Debug|Any CPU.Build.0 = Debug|Any CPU
		{B7E4EBEB-8B62-481E-89BC-B70B1CB6106F}.Release|Any CPU.ActiveCfg = Release|Any CPU
		{B7E4EBEB-8B62-481E-89BC-B70B1CB6106F}.Release|Any CPU.Build.0 = Release|Any CPU
		{F558E16D-97F2-43E3-ACB1-28F5623B8933}.Debug|Any CPU.ActiveCfg = Debug|Any CPU
		{F558E16D-97F2-43E3-ACB1-28F5623B8933}.Debug|Any CPU.Build.0 = Debug|Any CPU
		{F558E16D-97F2-43E3-ACB1-28F5623B8933}.Release|Any CPU.ActiveCfg = Release|Any CPU
		{F558E16D-97F2-43E3-ACB1-28F5623B8933}.Release|Any CPU.Build.0 = Release|Any CPU
		{E78CBB44-EEB4-44DC-9A98-2D9B09311D8A}.Debug|Any CPU.ActiveCfg = Debug|Any CPU
		{E78CBB44-EEB4-44DC-9A98-2D9B09311D8A}.Debug|Any CPU.Build.0 = Debug|Any CPU
		{E78CBB44-EEB4-44DC-9A98-2D9B09311D8A}.Release|Any CPU.ActiveCfg = Release|Any CPU
		{E78CBB44-EEB4-44DC-9A98-2D9B09311D8A}.Release|Any CPU.Build.0 = Release|Any CPU
		{58F4FC8D-5589-4A3D-AEEA-03736A082AF4}.Debug|Any CPU.ActiveCfg = Debug|Any CPU
		{58F4FC8D-5589-4A3D-AEEA-03736A082AF4}.Debug|Any CPU.Build.0 = Debug|Any CPU
		{58F4FC8D-5589-4A3D-AEEA-03736A082AF4}.Release|Any CPU.ActiveCfg = Release|Any CPU
		{58F4FC8D-5589-4A3D-AEEA-03736A082AF4}.Release|Any CPU.Build.0 = Release|Any CPU
		{3C0F5333-F1CA-42D2-9068-96D538A54D65}.Debug|Any CPU.ActiveCfg = Debug|Any CPU
		{3C0F5333-F1CA-42D2-9068-96D538A54D65}.Debug|Any CPU.Build.0 = Debug|Any CPU
		{3C0F5333-F1CA-42D2-9068-96D538A54D65}.Release|Any CPU.ActiveCfg = Release|Any CPU
		{3C0F5333-F1CA-42D2-9068-96D538A54D65}.Release|Any CPU.Build.0 = Release|Any CPU
		{87E7B989-25EA-4820-88D3-96C3871568B8}.Debug|Any CPU.ActiveCfg = Debug|Any CPU
		{87E7B989-25EA-4820-88D3-96C3871568B8}.Debug|Any CPU.Build.0 = Debug|Any CPU
		{87E7B989-25EA-4820-88D3-96C3871568B8}.Release|Any CPU.ActiveCfg = Release|Any CPU
		{87E7B989-25EA-4820-88D3-96C3871568B8}.Release|Any CPU.Build.0 = Release|Any CPU
		{D80AC780-C238-4E95-990F-CA6E95B0BFE9}.Debug|Any CPU.ActiveCfg = Debug|Any CPU
		{D80AC780-C238-4E95-990F-CA6E95B0BFE9}.Debug|Any CPU.Build.0 = Debug|Any CPU
		{D80AC780-C238-4E95-990F-CA6E95B0BFE9}.Release|Any CPU.ActiveCfg = Release|Any CPU
		{D80AC780-C238-4E95-990F-CA6E95B0BFE9}.Release|Any CPU.Build.0 = Release|Any CPU
		{608D78E7-B069-406A-98D5-81B63383B61C}.Debug|Any CPU.ActiveCfg = Debug|Any CPU
		{608D78E7-B069-406A-98D5-81B63383B61C}.Debug|Any CPU.Build.0 = Debug|Any CPU
		{608D78E7-B069-406A-98D5-81B63383B61C}.Release|Any CPU.ActiveCfg = Release|Any CPU
		{608D78E7-B069-406A-98D5-81B63383B61C}.Release|Any CPU.Build.0 = Release|Any CPU
		{5714A114-70E4-48F4-9702-7A648BBD42BA}.Debug|Any CPU.ActiveCfg = Debug|Any CPU
		{5714A114-70E4-48F4-9702-7A648BBD42BA}.Debug|Any CPU.Build.0 = Debug|Any CPU
		{5714A114-70E4-48F4-9702-7A648BBD42BA}.Release|Any CPU.ActiveCfg = Release|Any CPU
		{5714A114-70E4-48F4-9702-7A648BBD42BA}.Release|Any CPU.Build.0 = Release|Any CPU
		{8F9D1239-EDB8-4441-835C-F34DBCAB3654}.Debug|Any CPU.ActiveCfg = Debug|Any CPU
		{8F9D1239-EDB8-4441-835C-F34DBCAB3654}.Debug|Any CPU.Build.0 = Debug|Any CPU
		{8F9D1239-EDB8-4441-835C-F34DBCAB3654}.Release|Any CPU.ActiveCfg = Release|Any CPU
		{8F9D1239-EDB8-4441-835C-F34DBCAB3654}.Release|Any CPU.Build.0 = Release|Any CPU
		{FDA357F6-CD3B-4CF4-9D7E-BC220574720E}.Debug|Any CPU.ActiveCfg = Debug|Any CPU
		{FDA357F6-CD3B-4CF4-9D7E-BC220574720E}.Debug|Any CPU.Build.0 = Debug|Any CPU
		{FDA357F6-CD3B-4CF4-9D7E-BC220574720E}.Release|Any CPU.ActiveCfg = Release|Any CPU
		{FDA357F6-CD3B-4CF4-9D7E-BC220574720E}.Release|Any CPU.Build.0 = Release|Any CPU
		{09AACDE2-C2E4-4C4A-82AA-16EAF6F90D3A}.Debug|Any CPU.ActiveCfg = Debug|Any CPU
		{09AACDE2-C2E4-4C4A-82AA-16EAF6F90D3A}.Debug|Any CPU.Build.0 = Debug|Any CPU
		{09AACDE2-C2E4-4C4A-82AA-16EAF6F90D3A}.Release|Any CPU.ActiveCfg = Release|Any CPU
		{09AACDE2-C2E4-4C4A-82AA-16EAF6F90D3A}.Release|Any CPU.Build.0 = Release|Any CPU
		{D94FB349-6A43-48A0-8DC0-1DA51FF339AA}.Debug|Any CPU.ActiveCfg = Debug|Any CPU
		{D94FB349-6A43-48A0-8DC0-1DA51FF339AA}.Debug|Any CPU.Build.0 = Debug|Any CPU
		{D94FB349-6A43-48A0-8DC0-1DA51FF339AA}.Release|Any CPU.ActiveCfg = Release|Any CPU
		{D94FB349-6A43-48A0-8DC0-1DA51FF339AA}.Release|Any CPU.Build.0 = Release|Any CPU
		{555FCCA1-593F-444D-A482-19F42E9DCB4E}.Debug|Any CPU.ActiveCfg = Debug|Any CPU
		{555FCCA1-593F-444D-A482-19F42E9DCB4E}.Debug|Any CPU.Build.0 = Debug|Any CPU
		{555FCCA1-593F-444D-A482-19F42E9DCB4E}.Release|Any CPU.ActiveCfg = Release|Any CPU
		{555FCCA1-593F-444D-A482-19F42E9DCB4E}.Release|Any CPU.Build.0 = Release|Any CPU
		{72C76294-562D-4267-B7B9-17D7AC9CC8B9}.Debug|Any CPU.ActiveCfg = Debug|Any CPU
		{72C76294-562D-4267-B7B9-17D7AC9CC8B9}.Debug|Any CPU.Build.0 = Debug|Any CPU
		{72C76294-562D-4267-B7B9-17D7AC9CC8B9}.Release|Any CPU.ActiveCfg = Release|Any CPU
		{72C76294-562D-4267-B7B9-17D7AC9CC8B9}.Release|Any CPU.Build.0 = Release|Any CPU
		{61978328-4D50-4B13-BA3C-8F71C542363A}.Debug|Any CPU.ActiveCfg = Debug|Any CPU
		{61978328-4D50-4B13-BA3C-8F71C542363A}.Debug|Any CPU.Build.0 = Debug|Any CPU
		{61978328-4D50-4B13-BA3C-8F71C542363A}.Release|Any CPU.ActiveCfg = Release|Any CPU
		{61978328-4D50-4B13-BA3C-8F71C542363A}.Release|Any CPU.Build.0 = Release|Any CPU
		{D9AB913E-04D9-4C12-BC50-6205F289B814}.Debug|Any CPU.ActiveCfg = Debug|Any CPU
		{D9AB913E-04D9-4C12-BC50-6205F289B814}.Debug|Any CPU.Build.0 = Debug|Any CPU
		{D9AB913E-04D9-4C12-BC50-6205F289B814}.Release|Any CPU.ActiveCfg = Release|Any CPU
		{D9AB913E-04D9-4C12-BC50-6205F289B814}.Release|Any CPU.Build.0 = Release|Any CPU
		{2C6A825C-0DA4-4936-983F-DCC75B78C88D}.Debug|Any CPU.ActiveCfg = Debug|Any CPU
		{2C6A825C-0DA4-4936-983F-DCC75B78C88D}.Debug|Any CPU.Build.0 = Debug|Any CPU
		{2C6A825C-0DA4-4936-983F-DCC75B78C88D}.Release|Any CPU.ActiveCfg = Release|Any CPU
		{2C6A825C-0DA4-4936-983F-DCC75B78C88D}.Release|Any CPU.Build.0 = Release|Any CPU
		{41541A92-6F47-4EF7-8B60-5879D8B80DC2}.Debug|Any CPU.ActiveCfg = Debug|Any CPU
		{41541A92-6F47-4EF7-8B60-5879D8B80DC2}.Debug|Any CPU.Build.0 = Debug|Any CPU
		{41541A92-6F47-4EF7-8B60-5879D8B80DC2}.Release|Any CPU.ActiveCfg = Release|Any CPU
		{41541A92-6F47-4EF7-8B60-5879D8B80DC2}.Release|Any CPU.Build.0 = Release|Any CPU
		{54ABFECD-8979-48B8-B23B-4208A2EFF52D}.Debug|Any CPU.ActiveCfg = Debug|Any CPU
		{54ABFECD-8979-48B8-B23B-4208A2EFF52D}.Debug|Any CPU.Build.0 = Debug|Any CPU
		{54ABFECD-8979-48B8-B23B-4208A2EFF52D}.Release|Any CPU.ActiveCfg = Release|Any CPU
		{54ABFECD-8979-48B8-B23B-4208A2EFF52D}.Release|Any CPU.Build.0 = Release|Any CPU
		{06B6D986-7866-4DF0-A290-7DDCEC95F181}.Debug|Any CPU.ActiveCfg = Debug|Any CPU
		{06B6D986-7866-4DF0-A290-7DDCEC95F181}.Debug|Any CPU.Build.0 = Debug|Any CPU
		{06B6D986-7866-4DF0-A290-7DDCEC95F181}.Release|Any CPU.ActiveCfg = Release|Any CPU
		{06B6D986-7866-4DF0-A290-7DDCEC95F181}.Release|Any CPU.Build.0 = Release|Any CPU
		{D61EFFB6-B884-4B23-AD3B-58F886A64CC9}.Debug|Any CPU.ActiveCfg = Debug|Any CPU
		{D61EFFB6-B884-4B23-AD3B-58F886A64CC9}.Debug|Any CPU.Build.0 = Debug|Any CPU
		{D61EFFB6-B884-4B23-AD3B-58F886A64CC9}.Release|Any CPU.ActiveCfg = Release|Any CPU
		{D61EFFB6-B884-4B23-AD3B-58F886A64CC9}.Release|Any CPU.Build.0 = Release|Any CPU
		{2CC79B98-D470-4BD0-B6DA-EA3E645B5A7C}.Debug|Any CPU.ActiveCfg = Debug|Any CPU
		{2CC79B98-D470-4BD0-B6DA-EA3E645B5A7C}.Debug|Any CPU.Build.0 = Debug|Any CPU
		{2CC79B98-D470-4BD0-B6DA-EA3E645B5A7C}.Release|Any CPU.ActiveCfg = Release|Any CPU
		{2CC79B98-D470-4BD0-B6DA-EA3E645B5A7C}.Release|Any CPU.Build.0 = Release|Any CPU
		{CD73716D-BF69-4481-8FB0-C7AB7C6CF5D5}.Debug|Any CPU.ActiveCfg = Debug|Any CPU
		{CD73716D-BF69-4481-8FB0-C7AB7C6CF5D5}.Debug|Any CPU.Build.0 = Debug|Any CPU
		{CD73716D-BF69-4481-8FB0-C7AB7C6CF5D5}.Release|Any CPU.ActiveCfg = Release|Any CPU
		{CD73716D-BF69-4481-8FB0-C7AB7C6CF5D5}.Release|Any CPU.Build.0 = Release|Any CPU
		{ED2211F5-06B4-46D7-93CD-560C2E9321DD}.Debug|Any CPU.ActiveCfg = Debug|Any CPU
		{ED2211F5-06B4-46D7-93CD-560C2E9321DD}.Debug|Any CPU.Build.0 = Debug|Any CPU
		{ED2211F5-06B4-46D7-93CD-560C2E9321DD}.Release|Any CPU.ActiveCfg = Release|Any CPU
		{ED2211F5-06B4-46D7-93CD-560C2E9321DD}.Release|Any CPU.Build.0 = Release|Any CPU
		{5C462273-8EAD-4288-8816-1F3E576B5739}.Debug|Any CPU.ActiveCfg = Debug|Any CPU
		{5C462273-8EAD-4288-8816-1F3E576B5739}.Debug|Any CPU.Build.0 = Debug|Any CPU
		{5C462273-8EAD-4288-8816-1F3E576B5739}.Release|Any CPU.ActiveCfg = Release|Any CPU
		{5C462273-8EAD-4288-8816-1F3E576B5739}.Release|Any CPU.Build.0 = Release|Any CPU
		{11381E79-3552-4F55-A222-D2EE67BCA45C}.Debug|Any CPU.ActiveCfg = Debug|Any CPU
		{11381E79-3552-4F55-A222-D2EE67BCA45C}.Debug|Any CPU.Build.0 = Debug|Any CPU
		{11381E79-3552-4F55-A222-D2EE67BCA45C}.Release|Any CPU.ActiveCfg = Release|Any CPU
		{11381E79-3552-4F55-A222-D2EE67BCA45C}.Release|Any CPU.Build.0 = Release|Any CPU
		{4393AF64-21AC-433F-B6FB-8EBE98A84304}.Debug|Any CPU.ActiveCfg = Debug|Any CPU
		{4393AF64-21AC-433F-B6FB-8EBE98A84304}.Debug|Any CPU.Build.0 = Debug|Any CPU
		{4393AF64-21AC-433F-B6FB-8EBE98A84304}.Release|Any CPU.ActiveCfg = Release|Any CPU
		{4393AF64-21AC-433F-B6FB-8EBE98A84304}.Release|Any CPU.Build.0 = Release|Any CPU
		{2F0D392D-79B5-4A14-ACB1-DD825E0265BA}.Debug|Any CPU.ActiveCfg = Debug|Any CPU
		{2F0D392D-79B5-4A14-ACB1-DD825E0265BA}.Debug|Any CPU.Build.0 = Debug|Any CPU
		{2F0D392D-79B5-4A14-ACB1-DD825E0265BA}.Release|Any CPU.ActiveCfg = Release|Any CPU
		{2F0D392D-79B5-4A14-ACB1-DD825E0265BA}.Release|Any CPU.Build.0 = Release|Any CPU
		{ACFED9AB-442B-4B71-9499-D12D9ED9FC54}.Debug|Any CPU.ActiveCfg = Debug|Any CPU
		{ACFED9AB-442B-4B71-9499-D12D9ED9FC54}.Debug|Any CPU.Build.0 = Debug|Any CPU
		{ACFED9AB-442B-4B71-9499-D12D9ED9FC54}.Release|Any CPU.ActiveCfg = Release|Any CPU
		{ACFED9AB-442B-4B71-9499-D12D9ED9FC54}.Release|Any CPU.Build.0 = Release|Any CPU
		{6C0EC684-0484-4DB7-9B25-D57726090DB9}.Debug|Any CPU.ActiveCfg = Debug|Any CPU
		{6C0EC684-0484-4DB7-9B25-D57726090DB9}.Debug|Any CPU.Build.0 = Debug|Any CPU
		{6C0EC684-0484-4DB7-9B25-D57726090DB9}.Release|Any CPU.ActiveCfg = Release|Any CPU
		{6C0EC684-0484-4DB7-9B25-D57726090DB9}.Release|Any CPU.Build.0 = Release|Any CPU
		{B9CFCAE3-6C19-40FF-B787-38BC0C9635D7}.Debug|Any CPU.ActiveCfg = Debug|Any CPU
		{B9CFCAE3-6C19-40FF-B787-38BC0C9635D7}.Debug|Any CPU.Build.0 = Debug|Any CPU
		{B9CFCAE3-6C19-40FF-B787-38BC0C9635D7}.Release|Any CPU.ActiveCfg = Release|Any CPU
		{B9CFCAE3-6C19-40FF-B787-38BC0C9635D7}.Release|Any CPU.Build.0 = Release|Any CPU
		{46CD428D-0EBE-4FC5-ADBC-D511850D5A60}.Debug|Any CPU.ActiveCfg = Debug|Any CPU
		{46CD428D-0EBE-4FC5-ADBC-D511850D5A60}.Debug|Any CPU.Build.0 = Debug|Any CPU
		{46CD428D-0EBE-4FC5-ADBC-D511850D5A60}.Release|Any CPU.ActiveCfg = Release|Any CPU
		{46CD428D-0EBE-4FC5-ADBC-D511850D5A60}.Release|Any CPU.Build.0 = Release|Any CPU
		{8050DC50-BCEE-481C-9CE6-18569F63D9B6}.Debug|Any CPU.ActiveCfg = Debug|Any CPU
		{8050DC50-BCEE-481C-9CE6-18569F63D9B6}.Debug|Any CPU.Build.0 = Debug|Any CPU
		{8050DC50-BCEE-481C-9CE6-18569F63D9B6}.Release|Any CPU.ActiveCfg = Release|Any CPU
		{8050DC50-BCEE-481C-9CE6-18569F63D9B6}.Release|Any CPU.Build.0 = Release|Any CPU
		{FDC22824-0F9C-41C5-893A-2AC00B129CB3}.Debug|Any CPU.ActiveCfg = Debug|Any CPU
		{FDC22824-0F9C-41C5-893A-2AC00B129CB3}.Debug|Any CPU.Build.0 = Debug|Any CPU
		{FDC22824-0F9C-41C5-893A-2AC00B129CB3}.Release|Any CPU.ActiveCfg = Release|Any CPU
		{FDC22824-0F9C-41C5-893A-2AC00B129CB3}.Release|Any CPU.Build.0 = Release|Any CPU
		{16056B13-2CFE-40DF-9C90-F4073273104D}.Debug|Any CPU.ActiveCfg = Debug|Any CPU
		{16056B13-2CFE-40DF-9C90-F4073273104D}.Debug|Any CPU.Build.0 = Debug|Any CPU
		{16056B13-2CFE-40DF-9C90-F4073273104D}.Release|Any CPU.ActiveCfg = Release|Any CPU
		{16056B13-2CFE-40DF-9C90-F4073273104D}.Release|Any CPU.Build.0 = Release|Any CPU
		{E57648C7-5A95-4099-81F6-768B8C300697}.Debug|Any CPU.ActiveCfg = Debug|Any CPU
		{E57648C7-5A95-4099-81F6-768B8C300697}.Debug|Any CPU.Build.0 = Debug|Any CPU
		{E57648C7-5A95-4099-81F6-768B8C300697}.Release|Any CPU.ActiveCfg = Release|Any CPU
		{E57648C7-5A95-4099-81F6-768B8C300697}.Release|Any CPU.Build.0 = Release|Any CPU
		{43E495EF-3E97-4EA0-B2FE-C62546A9D1B3}.Debug|Any CPU.ActiveCfg = Debug|Any CPU
		{43E495EF-3E97-4EA0-B2FE-C62546A9D1B3}.Debug|Any CPU.Build.0 = Debug|Any CPU
		{43E495EF-3E97-4EA0-B2FE-C62546A9D1B3}.Release|Any CPU.ActiveCfg = Release|Any CPU
		{43E495EF-3E97-4EA0-B2FE-C62546A9D1B3}.Release|Any CPU.Build.0 = Release|Any CPU
		{4429FCD8-3904-4947-A311-FB94F4ABA75A}.Debug|Any CPU.ActiveCfg = Debug|Any CPU
		{4429FCD8-3904-4947-A311-FB94F4ABA75A}.Debug|Any CPU.Build.0 = Debug|Any CPU
		{4429FCD8-3904-4947-A311-FB94F4ABA75A}.Release|Any CPU.ActiveCfg = Release|Any CPU
		{4429FCD8-3904-4947-A311-FB94F4ABA75A}.Release|Any CPU.Build.0 = Release|Any CPU
		{AF222225-36F3-4DA7-AAA9-648DEFDF7422}.Debug|Any CPU.ActiveCfg = Debug|Any CPU
		{AF222225-36F3-4DA7-AAA9-648DEFDF7422}.Debug|Any CPU.Build.0 = Debug|Any CPU
		{AF222225-36F3-4DA7-AAA9-648DEFDF7422}.Release|Any CPU.ActiveCfg = Release|Any CPU
		{AF222225-36F3-4DA7-AAA9-648DEFDF7422}.Release|Any CPU.Build.0 = Release|Any CPU
		{B3DA7974-B667-495E-8328-8B6A17A61554}.Debug|Any CPU.ActiveCfg = Debug|Any CPU
		{B3DA7974-B667-495E-8328-8B6A17A61554}.Debug|Any CPU.Build.0 = Debug|Any CPU
		{B3DA7974-B667-495E-8328-8B6A17A61554}.Release|Any CPU.ActiveCfg = Release|Any CPU
		{B3DA7974-B667-495E-8328-8B6A17A61554}.Release|Any CPU.Build.0 = Release|Any CPU
	EndGlobalSection
	GlobalSection(SolutionProperties) = preSolution
		HideSolutionNode = FALSE
	EndGlobalSection
	GlobalSection(ExtensibilityGlobals) = postSolution
		SolutionGuid = {76A55774-E645-4743-890E-A746FE98BC63}
	EndGlobalSection
EndGlobal
